
Microsoft Visual Studio Solution File, Format Version 12.00
# Visual Studio Version 17
VisualStudioVersion = 17.10.35122.118
MinimumVisualStudioVersion = 10.0.40219.1
Project("{2150E333-8FDC-42A3-9474-1A3956D46DE8}") = "Éléments de solution", "Éléments de solution", "{F526B5C5-1479-442B-8AAF-26F2523E6912}"
	ProjectSection(SolutionItems) = preProject
		README.md = README.md
	EndProjectSection
EndProject
Project("{9A19103F-16F7-4668-BE54-9A1E7A4F7556}") = "Starter.WebApi", "src\Starter.WebApi\Starter.WebApi.csproj", "{CA29C49D-8BE6-418F-8629-92F88C077904}"
EndProject
Project("{9A19103F-16F7-4668-BE54-9A1E7A4F7556}") = "Starter.WebApi.IntegrationTests", "tests\Starter.WebApi.IntegrationTests\Starter.WebApi.IntegrationTests.csproj", "{10DC59FA-A607-49F7-8B42-1A3FA551D562}"
EndProject
Project("{9A19103F-16F7-4668-BE54-9A1E7A4F7556}") = "Starter.WebApi.UnitTests", "tests\Starter.WebApi.UnitTests\Starter.WebApi.UnitTests.csproj", "{D3B1358A-A29B-471C-A9E9-57B2BDB9005A}"
EndProject
Project("{E53339B2-1760-4266-BCC7-CA923CBCF16C}") = "docker-compose", "docker-compose.dcproj", "{280CD39C-1756-42B3-9177-FBB9BE9E0727}"
EndProject
Global
	GlobalSection(SolutionConfigurationPlatforms) = preSolution
		Debug|Any CPU = Debug|Any CPU
		Release|Any CPU = Release|Any CPU
	EndGlobalSection
	GlobalSection(ProjectConfigurationPlatforms) = postSolution
		{CA29C49D-8BE6-418F-8629-92F88C077904}.Debug|Any CPU.ActiveCfg = Debug|Any CPU
		{CA29C49D-8BE6-418F-8629-92F88C077904}.Debug|Any CPU.Build.0 = Debug|Any CPU
		{CA29C49D-8BE6-418F-8629-92F88C077904}.Release|Any CPU.ActiveCfg = Release|Any CPU
		{CA29C49D-8BE6-418F-8629-92F88C077904}.Release|Any CPU.Build.0 = Release|Any CPU
		{10DC59FA-A607-49F7-8B42-1A3FA551D562}.Debug|Any CPU.ActiveCfg = Debug|Any CPU
		{10DC59FA-A607-49F7-8B42-1A3FA551D562}.Debug|Any CPU.Build.0 = Debug|Any CPU
		{10DC59FA-A607-49F7-8B42-1A3FA551D562}.Release|Any CPU.ActiveCfg = Release|Any CPU
		{10DC59FA-A607-49F7-8B42-1A3FA551D562}.Release|Any CPU.Build.0 = Release|Any CPU
		{D3B1358A-A29B-471C-A9E9-57B2BDB9005A}.Debug|Any CPU.ActiveCfg = Debug|Any CPU
		{D3B1358A-A29B-471C-A9E9-57B2BDB9005A}.Debug|Any CPU.Build.0 = Debug|Any CPU
		{D3B1358A-A29B-471C-A9E9-57B2BDB9005A}.Release|Any CPU.ActiveCfg = Release|Any CPU
		{D3B1358A-A29B-471C-A9E9-57B2BDB9005A}.Release|Any CPU.Build.0 = Release|Any CPU
		{280CD39C-1756-42B3-9177-FBB9BE9E0727}.Debug|Any CPU.ActiveCfg = Debug|Any CPU
		{280CD39C-1756-42B3-9177-FBB9BE9E0727}.Debug|Any CPU.Build.0 = Debug|Any CPU
		{280CD39C-1756-42B3-9177-FBB9BE9E0727}.Release|Any CPU.ActiveCfg = Release|Any CPU
		{280CD39C-1756-42B3-9177-FBB9BE9E0727}.Release|Any CPU.Build.0 = Release|Any CPU
	EndGlobalSection
	GlobalSection(SolutionProperties) = preSolution
		HideSolutionNode = FALSE
	EndGlobalSection
	GlobalSection(ExtensibilityGlobals) = postSolution
		SolutionGuid = {84830ADA-8C01-4558-9E43-87B1A904D627}
	EndGlobalSection
EndGlobal
