
Microsoft Visual Studio Solution File, Format Version 12.00
# Visual Studio Version 18
VisualStudioVersion = 18.5.11716.220
MinimumVisualStudioVersion = 10.0.40219.1
Project("{2150E333-8FDC-42A3-9474-1A3956D46DE8}") = "Sales", "Sales", "{F7D2AE26-E3FD-490A-8F69-3E319BB397E9}"
EndProject
Project("{2150E333-8FDC-42A3-9474-1A3956D46DE8}") = "Network", "Network", "{1686F96B-0B3D-4920-B7F6-76B77808D857}"
EndProject
Project("{2150E333-8FDC-42A3-9474-1A3956D46DE8}") = "Source", "Source", "{B8C74C77-F2E0-4B46-8472-809961C561F1}"
EndProject
Project("{2150E333-8FDC-42A3-9474-1A3956D46DE8}") = "Tests", "Tests", "{EA5A03A6-45F8-404D-90C5-9FA6788D4762}"
EndProject
Project("{FAE04EC0-301F-11D3-BF4B-00C04F79EFBC}") = "Starter.AppHost", "src\Starter.AppHost\Starter.AppHost.csproj", "{9BB6A8C1-D6CF-4F1B-A201-82175DCD5B36}"
EndProject
Project("{FAE04EC0-301F-11D3-BF4B-00C04F79EFBC}") = "Starter.ServiceDefaults", "src\Starter.ServiceDefaults\Starter.ServiceDefaults.csproj", "{CBB3FB19-8004-81AB-4497-9C344AC37161}"
EndProject
Project("{FAE04EC0-301F-11D3-BF4B-00C04F79EFBC}") = "Sales.WebApi", "src\Sales.WebApi\Sales.WebApi.csproj", "{9BF344D7-D338-1437-0612-D75DA064D363}"
EndProject
Project("{FAE04EC0-301F-11D3-BF4B-00C04F79EFBC}") = "Network.Application", "src\Network.Application\Network.Application.csproj", "{39F70492-AD35-4263-9111-3A19F9881BB6}"
EndProject
Project("{FAE04EC0-301F-11D3-BF4B-00C04F79EFBC}") = "Network.Domain", "src\Network.Domain\Network.Domain.csproj", "{DD8BBA2B-7634-4FAA-B48C-9533CE82D812}"
EndProject
Project("{FAE04EC0-301F-11D3-BF4B-00C04F79EFBC}") = "Network.Infrastructure", "src\Network.Infrastructure\Network.Infrastructure.csproj", "{45F2FFB2-49CB-4391-9772-CF4CF1D5276E}"
EndProject
Project("{FAE04EC0-301F-11D3-BF4B-00C04F79EFBC}") = "Network.WebApi", "src\Network.WebApi\Network.WebApi.csproj", "{EF1853DA-EFDF-7398-8993-120C887031CC}"
EndProject
Project("{2150E333-8FDC-42A3-9474-1A3956D46DE8}") = "Aspire", "Aspire", "{E3681F1F-2D6B-4380-8C08-39D1D163020F}"
EndProject
Project("{FAE04EC0-301F-11D3-BF4B-00C04F79EFBC}") = "Network.Application.UnitTests", "tests\Network.Application.UnitTests\Network.Application.UnitTests.csproj", "{E5CD0B6B-85F2-43D7-AE26-7B9DB55A4C6A}"
EndProject
Project("{FAE04EC0-301F-11D3-BF4B-00C04F79EFBC}") = "Network.ModelBuilders", "tests\Network.ModelBuilders\Network.ModelBuilders.csproj", "{62ABF3F4-6259-40E6-A51A-5776B3657C4F}"
EndProject
Project("{FAE04EC0-301F-11D3-BF4B-00C04F79EFBC}") = "Network.Domain.UnitTests", "tests\Network.Domain.UnitTests\Network.Domain.UnitTests.csproj", "{BB808F35-4255-42EF-9961-B9953129F1B2}"
EndProject
Project("{FAE04EC0-301F-11D3-BF4B-00C04F79EFBC}") = "Network.Infrastructure.UnitTests", "tests\Network.Infrastructure.UnitTests\Network.Infrastructure.UnitTests.csproj", "{86BDA0A1-24F5-40B3-9B19-B33CB67D9554}"
EndProject
Project("{FAE04EC0-301F-11D3-BF4B-00C04F79EFBC}") = "Network.WhiteBoxE2eTests", "tests\Network.WhiteBoxE2eTests\Network.WhiteBoxE2eTests.csproj", "{C6BCEF10-62B3-483F-BC00-6C9996BDA19B}"
EndProject
Global
	GlobalSection(SolutionConfigurationPlatforms) = preSolution
		Debug|Any CPU = Debug|Any CPU
		Debug|x64 = Debug|x64
		Debug|x86 = Debug|x86
		Release|Any CPU = Release|Any CPU
		Release|x64 = Release|x64
		Release|x86 = Release|x86
	EndGlobalSection
	GlobalSection(ProjectConfigurationPlatforms) = postSolution
		{9BB6A8C1-D6CF-4F1B-A201-82175DCD5B36}.Debug|Any CPU.ActiveCfg = Debug|Any CPU
		{9BB6A8C1-D6CF-4F1B-A201-82175DCD5B36}.Debug|Any CPU.Build.0 = Debug|Any CPU
		{9BB6A8C1-D6CF-4F1B-A201-82175DCD5B36}.Debug|x64.ActiveCfg = Debug|Any CPU
		{9BB6A8C1-D6CF-4F1B-A201-82175DCD5B36}.Debug|x64.Build.0 = Debug|Any CPU
		{9BB6A8C1-D6CF-4F1B-A201-82175DCD5B36}.Debug|x86.ActiveCfg = Debug|Any CPU
		{9BB6A8C1-D6CF-4F1B-A201-82175DCD5B36}.Debug|x86.Build.0 = Debug|Any CPU
		{9BB6A8C1-D6CF-4F1B-A201-82175DCD5B36}.Release|Any CPU.ActiveCfg = Release|Any CPU
		{9BB6A8C1-D6CF-4F1B-A201-82175DCD5B36}.Release|Any CPU.Build.0 = Release|Any CPU
		{9BB6A8C1-D6CF-4F1B-A201-82175DCD5B36}.Release|x64.ActiveCfg = Release|Any CPU
		{9BB6A8C1-D6CF-4F1B-A201-82175DCD5B36}.Release|x64.Build.0 = Release|Any CPU
		{9BB6A8C1-D6CF-4F1B-A201-82175DCD5B36}.Release|x86.ActiveCfg = Release|Any CPU
		{9BB6A8C1-D6CF-4F1B-A201-82175DCD5B36}.Release|x86.Build.0 = Release|Any CPU
		{CBB3FB19-8004-81AB-4497-9C344AC37161}.Debug|Any CPU.ActiveCfg = Debug|Any CPU
		{CBB3FB19-8004-81AB-4497-9C344AC37161}.Debug|Any CPU.Build.0 = Debug|Any CPU
		{CBB3FB19-8004-81AB-4497-9C344AC37161}.Debug|x64.ActiveCfg = Debug|Any CPU
		{CBB3FB19-8004-81AB-4497-9C344AC37161}.Debug|x64.Build.0 = Debug|Any CPU
		{CBB3FB19-8004-81AB-4497-9C344AC37161}.Debug|x86.ActiveCfg = Debug|Any CPU
		{CBB3FB19-8004-81AB-4497-9C344AC37161}.Debug|x86.Build.0 = Debug|Any CPU
		{CBB3FB19-8004-81AB-4497-9C344AC37161}.Release|Any CPU.ActiveCfg = Release|Any CPU
		{CBB3FB19-8004-81AB-4497-9C344AC37161}.Release|Any CPU.Build.0 = Release|Any CPU
		{CBB3FB19-8004-81AB-4497-9C344AC37161}.Release|x64.ActiveCfg = Release|Any CPU
		{CBB3FB19-8004-81AB-4497-9C344AC37161}.Release|x64.Build.0 = Release|Any CPU
		{CBB3FB19-8004-81AB-4497-9C344AC37161}.Release|x86.ActiveCfg = Release|Any CPU
		{CBB3FB19-8004-81AB-4497-9C344AC37161}.Release|x86.Build.0 = Release|Any CPU
		{9BF344D7-D338-1437-0612-D75DA064D363}.Debug|Any CPU.ActiveCfg = Debug|Any CPU
		{9BF344D7-D338-1437-0612-D75DA064D363}.Debug|Any CPU.Build.0 = Debug|Any CPU
		{9BF344D7-D338-1437-0612-D75DA064D363}.Debug|x64.ActiveCfg = Debug|Any CPU
		{9BF344D7-D338-1437-0612-D75DA064D363}.Debug|x64.Build.0 = Debug|Any CPU
		{9BF344D7-D338-1437-0612-D75DA064D363}.Debug|x86.ActiveCfg = Debug|Any CPU
		{9BF344D7-D338-1437-0612-D75DA064D363}.Debug|x86.Build.0 = Debug|Any CPU
		{9BF344D7-D338-1437-0612-D75DA064D363}.Release|Any CPU.ActiveCfg = Release|Any CPU
		{9BF344D7-D338-1437-0612-D75DA064D363}.Release|Any CPU.Build.0 = Release|Any CPU
		{9BF344D7-D338-1437-0612-D75DA064D363}.Release|x64.ActiveCfg = Release|Any CPU
		{9BF344D7-D338-1437-0612-D75DA064D363}.Release|x64.Build.0 = Release|Any CPU
		{9BF344D7-D338-1437-0612-D75DA064D363}.Release|x86.ActiveCfg = Release|Any CPU
		{9BF344D7-D338-1437-0612-D75DA064D363}.Release|x86.Build.0 = Release|Any CPU
		{39F70492-AD35-4263-9111-3A19F9881BB6}.Debug|Any CPU.ActiveCfg = Debug|Any CPU
		{39F70492-AD35-4263-9111-3A19F9881BB6}.Debug|Any CPU.Build.0 = Debug|Any CPU
		{39F70492-AD35-4263-9111-3A19F9881BB6}.Debug|x64.ActiveCfg = Debug|Any CPU
		{39F70492-AD35-4263-9111-3A19F9881BB6}.Debug|x64.Build.0 = Debug|Any CPU
		{39F70492-AD35-4263-9111-3A19F9881BB6}.Debug|x86.ActiveCfg = Debug|Any CPU
		{39F70492-AD35-4263-9111-3A19F9881BB6}.Debug|x86.Build.0 = Debug|Any CPU
		{39F70492-AD35-4263-9111-3A19F9881BB6}.Release|Any CPU.ActiveCfg = Release|Any CPU
		{39F70492-AD35-4263-9111-3A19F9881BB6}.Release|Any CPU.Build.0 = Release|Any CPU
		{39F70492-AD35-4263-9111-3A19F9881BB6}.Release|x64.ActiveCfg = Release|Any CPU
		{39F70492-AD35-4263-9111-3A19F9881BB6}.Release|x64.Build.0 = Release|Any CPU
		{39F70492-AD35-4263-9111-3A19F9881BB6}.Release|x86.ActiveCfg = Release|Any CPU
		{39F70492-AD35-4263-9111-3A19F9881BB6}.Release|x86.Build.0 = Release|Any CPU
		{DD8BBA2B-7634-4FAA-B48C-9533CE82D812}.Debug|Any CPU.ActiveCfg = Debug|Any CPU
		{DD8BBA2B-7634-4FAA-B48C-9533CE82D812}.Debug|Any CPU.Build.0 = Debug|Any CPU
		{DD8BBA2B-7634-4FAA-B48C-9533CE82D812}.Debug|x64.ActiveCfg = Debug|Any CPU
		{DD8BBA2B-7634-4FAA-B48C-9533CE82D812}.Debug|x64.Build.0 = Debug|Any CPU
		{DD8BBA2B-7634-4FAA-B48C-9533CE82D812}.Debug|x86.ActiveCfg = Debug|Any CPU
		{DD8BBA2B-7634-4FAA-B48C-9533CE82D812}.Debug|x86.Build.0 = Debug|Any CPU
		{DD8BBA2B-7634-4FAA-B48C-9533CE82D812}.Release|Any CPU.ActiveCfg = Release|Any CPU
		{DD8BBA2B-7634-4FAA-B48C-9533CE82D812}.Release|Any CPU.Build.0 = Release|Any CPU
		{DD8BBA2B-7634-4FAA-B48C-9533CE82D812}.Release|x64.ActiveCfg = Release|Any CPU
		{DD8BBA2B-7634-4FAA-B48C-9533CE82D812}.Release|x64.Build.0 = Release|Any CPU
		{DD8BBA2B-7634-4FAA-B48C-9533CE82D812}.Release|x86.ActiveCfg = Release|Any CPU
		{DD8BBA2B-7634-4FAA-B48C-9533CE82D812}.Release|x86.Build.0 = Release|Any CPU
		{45F2FFB2-49CB-4391-9772-CF4CF1D5276E}.Debug|Any CPU.ActiveCfg = Debug|Any CPU
		{45F2FFB2-49CB-4391-9772-CF4CF1D5276E}.Debug|Any CPU.Build.0 = Debug|Any CPU
		{45F2FFB2-49CB-4391-9772-CF4CF1D5276E}.Debug|x64.ActiveCfg = Debug|Any CPU
		{45F2FFB2-49CB-4391-9772-CF4CF1D5276E}.Debug|x64.Build.0 = Debug|Any CPU
		{45F2FFB2-49CB-4391-9772-CF4CF1D5276E}.Debug|x86.ActiveCfg = Debug|Any CPU
		{45F2FFB2-49CB-4391-9772-CF4CF1D5276E}.Debug|x86.Build.0 = Debug|Any CPU
		{45F2FFB2-49CB-4391-9772-CF4CF1D5276E}.Release|Any CPU.ActiveCfg = Release|Any CPU
		{45F2FFB2-49CB-4391-9772-CF4CF1D5276E}.Release|Any CPU.Build.0 = Release|Any CPU
		{45F2FFB2-49CB-4391-9772-CF4CF1D5276E}.Release|x64.ActiveCfg = Release|Any CPU
		{45F2FFB2-49CB-4391-9772-CF4CF1D5276E}.Release|x64.Build.0 = Release|Any CPU
		{45F2FFB2-49CB-4391-9772-CF4CF1D5276E}.Release|x86.ActiveCfg = Release|Any CPU
		{45F2FFB2-49CB-4391-9772-CF4CF1D5276E}.Release|x86.Build.0 = Release|Any CPU
		{EF1853DA-EFDF-7398-8993-120C887031CC}.Debug|Any CPU.ActiveCfg = Debug|Any CPU
		{EF1853DA-EFDF-7398-8993-120C887031CC}.Debug|Any CPU.Build.0 = Debug|Any CPU
		{EF1853DA-EFDF-7398-8993-120C887031CC}.Debug|x64.ActiveCfg = Debug|Any CPU
		{EF1853DA-EFDF-7398-8993-120C887031CC}.Debug|x64.Build.0 = Debug|Any CPU
		{EF1853DA-EFDF-7398-8993-120C887031CC}.Debug|x86.ActiveCfg = Debug|Any CPU
		{EF1853DA-EFDF-7398-8993-120C887031CC}.Debug|x86.Build.0 = Debug|Any CPU
		{EF1853DA-EFDF-7398-8993-120C887031CC}.Release|Any CPU.ActiveCfg = Release|Any CPU
		{EF1853DA-EFDF-7398-8993-120C887031CC}.Release|Any CPU.Build.0 = Release|Any CPU
		{EF1853DA-EFDF-7398-8993-120C887031CC}.Release|x64.ActiveCfg = Release|Any CPU
		{EF1853DA-EFDF-7398-8993-120C887031CC}.Release|x64.Build.0 = Release|Any CPU
		{EF1853DA-EFDF-7398-8993-120C887031CC}.Release|x86.ActiveCfg = Release|Any CPU
		{EF1853DA-EFDF-7398-8993-120C887031CC}.Release|x86.Build.0 = Release|Any CPU
		{E5CD0B6B-85F2-43D7-AE26-7B9DB55A4C6A}.Debug|Any CPU.ActiveCfg = Debug|Any CPU
		{E5CD0B6B-85F2-43D7-AE26-7B9DB55A4C6A}.Debug|Any CPU.Build.0 = Debug|Any CPU
		{E5CD0B6B-85F2-43D7-AE26-7B9DB55A4C6A}.Debug|x64.ActiveCfg = Debug|Any CPU
		{E5CD0B6B-85F2-43D7-AE26-7B9DB55A4C6A}.Debug|x64.Build.0 = Debug|Any CPU
		{E5CD0B6B-85F2-43D7-AE26-7B9DB55A4C6A}.Debug|x86.ActiveCfg = Debug|Any CPU
		{E5CD0B6B-85F2-43D7-AE26-7B9DB55A4C6A}.Debug|x86.Build.0 = Debug|Any CPU
		{E5CD0B6B-85F2-43D7-AE26-7B9DB55A4C6A}.Release|Any CPU.ActiveCfg = Release|Any CPU
		{E5CD0B6B-85F2-43D7-AE26-7B9DB55A4C6A}.Release|Any CPU.Build.0 = Release|Any CPU
		{E5CD0B6B-85F2-43D7-AE26-7B9DB55A4C6A}.Release|x64.ActiveCfg = Release|Any CPU
		{E5CD0B6B-85F2-43D7-AE26-7B9DB55A4C6A}.Release|x64.Build.0 = Release|Any CPU
		{E5CD0B6B-85F2-43D7-AE26-7B9DB55A4C6A}.Release|x86.ActiveCfg = Release|Any CPU
		{E5CD0B6B-85F2-43D7-AE26-7B9DB55A4C6A}.Release|x86.Build.0 = Release|Any CPU
		{62ABF3F4-6259-40E6-A51A-5776B3657C4F}.Debug|Any CPU.ActiveCfg = Debug|Any CPU
		{62ABF3F4-6259-40E6-A51A-5776B3657C4F}.Debug|Any CPU.Build.0 = Debug|Any CPU
		{62ABF3F4-6259-40E6-A51A-5776B3657C4F}.Debug|x64.ActiveCfg = Debug|Any CPU
		{62ABF3F4-6259-40E6-A51A-5776B3657C4F}.Debug|x64.Build.0 = Debug|Any CPU
		{62ABF3F4-6259-40E6-A51A-5776B3657C4F}.Debug|x86.ActiveCfg = Debug|Any CPU
		{62ABF3F4-6259-40E6-A51A-5776B3657C4F}.Debug|x86.Build.0 = Debug|Any CPU
		{62ABF3F4-6259-40E6-A51A-5776B3657C4F}.Release|Any CPU.ActiveCfg = Release|Any CPU
		{62ABF3F4-6259-40E6-A51A-5776B3657C4F}.Release|Any CPU.Build.0 = Release|Any CPU
		{62ABF3F4-6259-40E6-A51A-5776B3657C4F}.Release|x64.ActiveCfg = Release|Any CPU
		{62ABF3F4-6259-40E6-A51A-5776B3657C4F}.Release|x64.Build.0 = Release|Any CPU
		{62ABF3F4-6259-40E6-A51A-5776B3657C4F}.Release|x86.ActiveCfg = Release|Any CPU
		{62ABF3F4-6259-40E6-A51A-5776B3657C4F}.Release|x86.Build.0 = Release|Any CPU
		{BB808F35-4255-42EF-9961-B9953129F1B2}.Debug|Any CPU.ActiveCfg = Debug|Any CPU
		{BB808F35-4255-42EF-9961-B9953129F1B2}.Debug|Any CPU.Build.0 = Debug|Any CPU
		{BB808F35-4255-42EF-9961-B9953129F1B2}.Debug|x64.ActiveCfg = Debug|Any CPU
		{BB808F35-4255-42EF-9961-B9953129F1B2}.Debug|x64.Build.0 = Debug|Any CPU
		{BB808F35-4255-42EF-9961-B9953129F1B2}.Debug|x86.ActiveCfg = Debug|Any CPU
		{BB808F35-4255-42EF-9961-B9953129F1B2}.Debug|x86.Build.0 = Debug|Any CPU
		{BB808F35-4255-42EF-9961-B9953129F1B2}.Release|Any CPU.ActiveCfg = Release|Any CPU
		{BB808F35-4255-42EF-9961-B9953129F1B2}.Release|Any CPU.Build.0 = Release|Any CPU
		{BB808F35-4255-42EF-9961-B9953129F1B2}.Release|x64.ActiveCfg = Release|Any CPU
		{BB808F35-4255-42EF-9961-B9953129F1B2}.Release|x64.Build.0 = Release|Any CPU
		{BB808F35-4255-42EF-9961-B9953129F1B2}.Release|x86.ActiveCfg = Release|Any CPU
		{BB808F35-4255-42EF-9961-B9953129F1B2}.Release|x86.Build.0 = Release|Any CPU
		{86BDA0A1-24F5-40B3-9B19-B33CB67D9554}.Debug|Any CPU.ActiveCfg = Debug|Any CPU
		{86BDA0A1-24F5-40B3-9B19-B33CB67D9554}.Debug|Any CPU.Build.0 = Debug|Any CPU
		{86BDA0A1-24F5-40B3-9B19-B33CB67D9554}.Debug|x64.ActiveCfg = Debug|Any CPU
		{86BDA0A1-24F5-40B3-9B19-B33CB67D9554}.Debug|x64.Build.0 = Debug|Any CPU
		{86BDA0A1-24F5-40B3-9B19-B33CB67D9554}.Debug|x86.ActiveCfg = Debug|Any CPU
		{86BDA0A1-24F5-40B3-9B19-B33CB67D9554}.Debug|x86.Build.0 = Debug|Any CPU
		{86BDA0A1-24F5-40B3-9B19-B33CB67D9554}.Release|Any CPU.ActiveCfg = Release|Any CPU
		{86BDA0A1-24F5-40B3-9B19-B33CB67D9554}.Release|Any CPU.Build.0 = Release|Any CPU
		{86BDA0A1-24F5-40B3-9B19-B33CB67D9554}.Release|x64.ActiveCfg = Release|Any CPU
		{86BDA0A1-24F5-40B3-9B19-B33CB67D9554}.Release|x64.Build.0 = Release|Any CPU
		{86BDA0A1-24F5-40B3-9B19-B33CB67D9554}.Release|x86.ActiveCfg = Release|Any CPU
		{86BDA0A1-24F5-40B3-9B19-B33CB67D9554}.Release|x86.Build.0 = Release|Any CPU
		{C6BCEF10-62B3-483F-BC00-6C9996BDA19B}.Debug|Any CPU.ActiveCfg = Debug|Any CPU
		{C6BCEF10-62B3-483F-BC00-6C9996BDA19B}.Debug|Any CPU.Build.0 = Debug|Any CPU
		{C6BCEF10-62B3-483F-BC00-6C9996BDA19B}.Debug|x64.ActiveCfg = Debug|Any CPU
		{C6BCEF10-62B3-483F-BC00-6C9996BDA19B}.Debug|x64.Build.0 = Debug|Any CPU
		{C6BCEF10-62B3-483F-BC00-6C9996BDA19B}.Debug|x86.ActiveCfg = Debug|Any CPU
		{C6BCEF10-62B3-483F-BC00-6C9996BDA19B}.Debug|x86.Build.0 = Debug|Any CPU
		{C6BCEF10-62B3-483F-BC00-6C9996BDA19B}.Release|Any CPU.ActiveCfg = Release|Any CPU
		{C6BCEF10-62B3-483F-BC00-6C9996BDA19B}.Release|Any CPU.Build.0 = Release|Any CPU
		{C6BCEF10-62B3-483F-BC00-6C9996BDA19B}.Release|x64.ActiveCfg = Release|Any CPU
		{C6BCEF10-62B3-483F-BC00-6C9996BDA19B}.Release|x64.Build.0 = Release|Any CPU
		{C6BCEF10-62B3-483F-BC00-6C9996BDA19B}.Release|x86.ActiveCfg = Release|Any CPU
		{C6BCEF10-62B3-483F-BC00-6C9996BDA19B}.Release|x86.Build.0 = Release|Any CPU
	EndGlobalSection
	GlobalSection(SolutionProperties) = preSolution
		HideSolutionNode = FALSE
	EndGlobalSection
	GlobalSection(NestedProjects) = preSolution
		{B8C74C77-F2E0-4B46-8472-809961C561F1} = {1686F96B-0B3D-4920-B7F6-76B77808D857}
		{EA5A03A6-45F8-404D-90C5-9FA6788D4762} = {1686F96B-0B3D-4920-B7F6-76B77808D857}
		{9BB6A8C1-D6CF-4F1B-A201-82175DCD5B36} = {E3681F1F-2D6B-4380-8C08-39D1D163020F}
		{CBB3FB19-8004-81AB-4497-9C344AC37161} = {E3681F1F-2D6B-4380-8C08-39D1D163020F}
		{9BF344D7-D338-1437-0612-D75DA064D363} = {F7D2AE26-E3FD-490A-8F69-3E319BB397E9}
		{39F70492-AD35-4263-9111-3A19F9881BB6} = {B8C74C77-F2E0-4B46-8472-809961C561F1}
		{DD8BBA2B-7634-4FAA-B48C-9533CE82D812} = {B8C74C77-F2E0-4B46-8472-809961C561F1}
		{45F2FFB2-49CB-4391-9772-CF4CF1D5276E} = {B8C74C77-F2E0-4B46-8472-809961C561F1}
		{EF1853DA-EFDF-7398-8993-120C887031CC} = {B8C74C77-F2E0-4B46-8472-809961C561F1}
		{E5CD0B6B-85F2-43D7-AE26-7B9DB55A4C6A} = {EA5A03A6-45F8-404D-90C5-9FA6788D4762}
		{62ABF3F4-6259-40E6-A51A-5776B3657C4F} = {EA5A03A6-45F8-404D-90C5-9FA6788D4762}
		{BB808F35-4255-42EF-9961-B9953129F1B2} = {EA5A03A6-45F8-404D-90C5-9FA6788D4762}
		{86BDA0A1-24F5-40B3-9B19-B33CB67D9554} = {EA5A03A6-45F8-404D-90C5-9FA6788D4762}
		{C6BCEF10-62B3-483F-BC00-6C9996BDA19B} = {EA5A03A6-45F8-404D-90C5-9FA6788D4762}
	EndGlobalSection
	GlobalSection(ExtensibilityGlobals) = postSolution
		SolutionGuid = {84830ADA-8C01-4558-9E43-87B1A904D627}
	EndGlobalSection
EndGlobal
